
Microsoft Visual Studio Solution File, Format Version 12.00
Project("{FAE04EC0-301F-11D3-BF4B-00C04F79EFBC}") = "ILParser", "ILParser\ILParser.csproj", "{184706F1-8BB4-4A2E-A216-C381ECC2213D}"
EndProject
Global
	GlobalSection(SolutionConfigurationPlatforms) = preSolution
		Debug|Any CPU = Debug|Any CPU
		Release|Any CPU = Release|Any CPU
	EndGlobalSection
	GlobalSection(ProjectConfigurationPlatforms) = postSolution
		{184706F1-8BB4-4A2E-A216-C381ECC2213D}.Debug|Any CPU.ActiveCfg = Debug|Any CPU
		{184706F1-8BB4-4A2E-A216-C381ECC2213D}.Debug|Any CPU.Build.0 = Debug|Any CPU
		{184706F1-8BB4-4A2E-A216-C381ECC2213D}.Release|Any CPU.ActiveCfg = Release|Any CPU
		{184706F1-8BB4-4A2E-A216-C381ECC2213D}.Release|Any CPU.Build.0 = Release|Any CPU
	EndGlobalSection
EndGlobal
